<?xml version="1.0" encoding="utf-8"?>
<Project ToolsVersion="4.0" xmlns="http://schemas.microsoft.com/developer/msbuild/2003">
  <ItemGroup>
    <Filter Include="Source Files">
      <UniqueIdentifier>{4FC737F1-C7A5-4376-A066-2A32D752A2FF}</UniqueIdentifier>
      <Extensions>qml;cpp;c;cc;cxx;def;odl;idl;hpj;bat;asm;asmx</Extensions>
    </Filter>
    <Filter Include="Header Files">
      <UniqueIdentifier>{93995380-89BD-4b04-88EB-625FBE52EBFB}</UniqueIdentifier>
      <Extensions>h;hh;hpp;hxx;hm;inl;inc;xsd</Extensions>
    </Filter>
    <Filter Include="Resource Files">
      <UniqueIdentifier>{67DA6AB6-F800-4c08-8B7A-83BB121AAD01}</UniqueIdentifier>
      <Extensions>qrc;rc;ico;cur;bmp;dlg;rc2;rct;bin;rgs;gif;jpg;jpeg;jpe;resx;tiff;tif;png;wav;mfcribbon-ms</Extensions>
    </Filter>
    <Filter Include="Form Files">
      <UniqueIdentifier>{99349809-55BA-4b9d-BF79-8FDBB0286EB3}</UniqueIdentifier>
      <Extensions>ui</Extensions>
    </Filter>
    <Filter Include="Translation Files">
      <UniqueIdentifier>{639EADAA-A684-42e4-A9AD-28FC9BCB8F7C}</UniqueIdentifier>
      <Extensions>ts</Extensions>
    </Filter>
  </ItemGroup>
  <ItemGroup>
    <QtRcc Include="ChainsHive.qrc">
      <Filter>Resource Files</Filter>
    </QtRcc>
  </ItemGroup>
  <ItemGroup>
    <ClCompile Include="main.cpp">
      <Filter>Source Files</Filter>
    </ClCompile>
    <ClCompile Include="chain.cpp">
      <Filter>Source Files</Filter>
    </ClCompile>
    <ClCompile Include="mainwindow.cpp">
      <Filter>Source Files</Filter>
    </ClCompile>
    <ClCompile Include="mygraphicsscene.cpp">
      <Filter>Source Files</Filter>
    </ClCompile>
    <ClCompile Include="pin.cpp">
      <Filter>Source Files</Filter>
    </ClCompile>
    <ClCompile Include="port.cpp">
      <Filter>Source Files</Filter>
    </ClCompile>
    <ClCompile Include="proxyrectport.cpp">
      <Filter>Source Files</Filter>
    </ClCompile>
    <ClCompile Include="view.cpp">
      <Filter>Source Files</Filter>
    </ClCompile>
    <ClCompile Include="minimap.cpp">
      <Filter>Source Files</Filter>
    </ClCompile>
    <ClCompile Include="GItemFrame.cpp">
      <Filter>Source Files</Filter>
    </ClCompile>
    <ClCompile Include="chaintable.cpp">
      <Filter>Source Files</Filter>
    </ClCompile>
    <ClCompile Include="AddComand.cpp">
      <Filter>Source Files</Filter>
    </ClCompile>
    <ClCompile Include="AddPinComand.cpp">
      <Filter>Source Files</Filter>
    </ClCompile>
    <ClCompile Include="RemovePinCommand.cpp">
      <Filter>Source Files</Filter>
    </ClCompile>
    <ClCompile Include="AddWhireCommand.cpp">
      <Filter>Source Files</Filter>
    </ClCompile>
    <ClCompile Include="GView.cpp">
      <Filter>Source Files</Filter>
    </ClCompile>
    <ClCompile Include="WhireRemoveComand.cpp">
      <Filter>Source Files</Filter>
    </ClCompile>
    <ClCompile Include="portlib.cpp">
      <Filter>Source Files</Filter>
    </ClCompile>
    <ClCompile Include="PinTemplate.cpp">
      <Filter>Source Files</Filter>
    </ClCompile>
    <ClCompile Include="PortTemplate.cpp">
      <Filter>Source Files</Filter>
    </ClCompile>
    <ClCompile Include="PortTwmplateObject.cpp">
      <Filter>Source Files</Filter>
    </ClCompile>
    <ClCompile Include="SaveTemplates.cpp">
      <Filter>Source Files</Filter>
    </ClCompile>
    <ClCompile Include="QLineEditFocusOutSignal.cpp">
      <Filter>Source Files</Filter>
    </ClCompile>
    <ClCompile Include="CustomColliderLineRecoursive.cpp">
      <Filter>Source Files</Filter>
    </ClCompile>
    <ClCompile Include="Dot.cpp">
      <Filter>Source Files</Filter>
    </ClCompile>
    <ClCompile Include="NewPinWhire.cpp">
      <Filter>Source Files</Filter>
    </ClCompile>
    <ClCompile Include="NewWhire.cpp">
      <Filter>Source Files</Filter>
    </ClCompile>
    <ClCompile Include="RemovePortComand.cpp">
      <Filter>Source Files</Filter>
    </ClCompile>
  </ItemGroup>
  <ItemGroup>
    <ClInclude Include="mygraphicsscene.h">
      <Filter>Header Files</Filter>
    </ClInclude>
    <ClInclude Include="GItemFrame.h">
      <Filter>Header Files</Filter>
    </ClInclude>
    <ClInclude Include="AddWhireCommand.h">
      <Filter>Header Files</Filter>
    </ClInclude>
    <ClInclude Include="RemovePinCommand.h">
      <Filter>Header Files</Filter>
    </ClInclude>
    <ClInclude Include="GView.h">
      <Filter>Header Files</Filter>
    </ClInclude>
    <ClInclude Include="AddComand.h">
      <Filter>Header Files</Filter>
    </ClInclude>
    <ClInclude Include="AddPinComand.h">
      <Filter>Header Files</Filter>
    </ClInclude>
    <ClInclude Include="WhireRemoveComand.h">
      <Filter>Header Files</Filter>
    </ClInclude>
    <ClInclude Include="portlib.h">
      <Filter>Header Files</Filter>
    </ClInclude>
    <ClInclude Include="RemovePortComand.h">
      <Filter>Header Files</Filter>
    </ClInclude>
    <ClInclude Include="NewWhire.h">
      <Filter>Header Files</Filter>
    </ClInclude>
  </ItemGroup>
  <ItemGroup>
    <QtMoc Include="mainwindow.h">
      <Filter>Header Files</Filter>
    </QtMoc>
    <QtMoc Include="pin.h">
      <Filter>Header Files</Filter>
    </QtMoc>
    <QtMoc Include="view.h">
      <Filter>Header Files</Filter>
    </QtMoc>
    <QtMoc Include="chain.h">
      <Filter>Header Files</Filter>
    </QtMoc>
    <QtMoc Include="minimap.h">
      <Filter>Header Files</Filter>
    </QtMoc>
    <QtMoc Include="chaintable.h">
      <Filter>Header Files</Filter>
    </QtMoc>
    <QtMoc Include="port.h">
      <Filter>Header Files</Filter>
    </QtMoc>
    <QtMoc Include="PinTemplate.h">
      <Filter>Header Files</Filter>
    </QtMoc>
    <QtMoc Include="PortTemplate.h">
      <Filter>Header Files</Filter>
    </QtMoc>
    <QtMoc Include="PortTwmplateObject.h">
      <Filter>Header Files</Filter>
    </QtMoc>
    <QtMoc Include="SaveTemplates.h">
      <Filter>Header Files</Filter>
    </QtMoc>
    <QtMoc Include="QLineEditFocusOutSignal.h">
      <Filter>Header Files</Filter>
    </QtMoc>
    <QtMoc Include="Dot.h">
      <Filter>Header Files</Filter>
    </QtMoc>
    <QtMoc Include="NewPinWhire.h">
      <Filter>Header Files</Filter>
    </QtMoc>
    <QtMoc Include="CustomColliderLineRecoursive.h">
      <Filter>Header Files</Filter>
    </QtMoc>
    <QtMoc Include="proxyrectport.h">
      <Filter>Header Files</Filter>
    </QtMoc>
  </ItemGroup>
  <ItemGroup>
    <QtUic Include="mainwindow.ui">
      <Filter>Form Files</Filter>
    </QtUic>
    <QtUic Include="pin.ui">
      <Filter>Form Files</Filter>
    </QtUic>
    <QtUic Include="port.ui">
      <Filter>Form Files</Filter>
    </QtUic>
  </ItemGroup>
  <ItemGroup>
    <None Include="cpp.hint" />
    <None Include=".gitignore" />
  </ItemGroup>
</Project>